
Microsoft Visual Studio Solution File, Format Version 12.00
# Visual Studio 14
VisualStudioVersion = 14.0.25123.0
MinimumVisualStudioVersion = 10.0.40219.1
Project("{09EC58E8-5A13-4397-9DF7-154A2DD014CC}") = "Sitecore.Support.223153", "Sitecore.Support.223153\Sitecore.Support.223153.csproj", "{2B62FEC0-2E78-4060-B601-3906BCE85DDC}"
EndProject
Global
	GlobalSection(SolutionConfigurationPlatforms) = preSolution
		Debug|Any CPU = Debug|Any CPU
		Release|Any CPU = Release|Any CPU
	EndGlobalSection
	GlobalSection(ProjectConfigurationPlatforms) = postSolution
		{2B62FEC0-2E78-4060-B601-3906BCE85DDC}.Debug|Any CPU.ActiveCfg = Debug|Any CPU
		{2B62FEC0-2E78-4060-B601-3906BCE85DDC}.Debug|Any CPU.Build.0 = Debug|Any CPU
		{2B62FEC0-2E78-4060-B601-3906BCE85DDC}.Release|Any CPU.ActiveCfg = Release|Any CPU
		{2B62FEC0-2E78-4060-B601-3906BCE85DDC}.Release|Any CPU.Build.0 = Release|Any CPU
	EndGlobalSection
	GlobalSection(SolutionProperties) = preSolution
		HideSolutionNode = FALSE
	EndGlobalSection
EndGlobal
